
Microsoft Visual Studio Solution File, Format Version 12.00
# Visual Studio Version 16
VisualStudioVersion = 16.0.30011.22
MinimumVisualStudioVersion = 10.0.40219.1
Project("{FAE04EC0-301F-11D3-BF4B-00C04F79EFBC}") = "Circustrein", "Circustrein\Circustrein.csproj", "{41CA69F7-D59F-433D-B46E-1E35CC26B4A5}"
EndProject
Project("{FAE04EC0-301F-11D3-BF4B-00C04F79EFBC}") = "CircustreinTest", "CircustreinTest\CircustreinTest.csproj", "{66D2EC7D-0F3D-4DFF-AE07-818132D557E2}"
	ProjectSection(ProjectDependencies) = postProject
		{41CA69F7-D59F-433D-B46E-1E35CC26B4A5} = {41CA69F7-D59F-433D-B46E-1E35CC26B4A5}
	EndProjectSection
EndProject
Global
	GlobalSection(SolutionConfigurationPlatforms) = preSolution
		Debug|Any CPU = Debug|Any CPU
		Release|Any CPU = Release|Any CPU
	EndGlobalSection
	GlobalSection(ProjectConfigurationPlatforms) = postSolution
		{41CA69F7-D59F-433D-B46E-1E35CC26B4A5}.Debug|Any CPU.ActiveCfg = Debug|Any CPU
		{41CA69F7-D59F-433D-B46E-1E35CC26B4A5}.Debug|Any CPU.Build.0 = Debug|Any CPU
		{41CA69F7-D59F-433D-B46E-1E35CC26B4A5}.Release|Any CPU.ActiveCfg = Release|Any CPU
		{41CA69F7-D59F-433D-B46E-1E35CC26B4A5}.Release|Any CPU.Build.0 = Release|Any CPU
		{66D2EC7D-0F3D-4DFF-AE07-818132D557E2}.Debug|Any CPU.ActiveCfg = Debug|Any CPU
		{66D2EC7D-0F3D-4DFF-AE07-818132D557E2}.Debug|Any CPU.Build.0 = Debug|Any CPU
		{66D2EC7D-0F3D-4DFF-AE07-818132D557E2}.Release|Any CPU.ActiveCfg = Release|Any CPU
		{66D2EC7D-0F3D-4DFF-AE07-818132D557E2}.Release|Any CPU.Build.0 = Release|Any CPU
	EndGlobalSection
	GlobalSection(SolutionProperties) = preSolution
		HideSolutionNode = FALSE
	EndGlobalSection
	GlobalSection(ExtensibilityGlobals) = postSolution
		SolutionGuid = {64C0E372-8359-4231-B9CC-A21E8650ADF2}
	EndGlobalSection
EndGlobal
